
Microsoft Visual Studio Solution File, Format Version 12.00
# Visual Studio Version 17
VisualStudioVersion = 17.0.31903.59
MinimumVisualStudioVersion = 10.0.40219.1
Project("{2150E333-8FDC-42A3-9474-1A3956D46DE8}") = "server", "server", "{DAD03CFC-D5FA-AC94-41C7-9ABAB326F09E}"
EndProject
Project("{FAE04EC0-301F-11D3-BF4B-00C04F79EFBC}") = "Api", "server\Api\Api.csproj", "{CE5B0B67-76F4-402C-B303-E788FC72A81A}"
EndProject
Project("{FAE04EC0-301F-11D3-BF4B-00C04F79EFBC}") = "DataAccess", "server\DataAccess\DataAccess.csproj", "{7EFD3176-CB65-4D91-BFD2-2DE967FD6E4A}"
EndProject
Project("{FAE04EC0-301F-11D3-BF4B-00C04F79EFBC}") = "Tests", "server\Tests\Tests.csproj", "{3607B04F-62B3-4176-AD16-4EDE639682AC}"
EndProject
Global
	GlobalSection(SolutionConfigurationPlatforms) = preSolution
		Debug|Any CPU = Debug|Any CPU
		Debug|x64 = Debug|x64
		Debug|x86 = Debug|x86
		Release|Any CPU = Release|Any CPU
		Release|x64 = Release|x64
		Release|x86 = Release|x86
	EndGlobalSection
	GlobalSection(ProjectConfigurationPlatforms) = postSolution
		{CE5B0B67-76F4-402C-B303-E788FC72A81A}.Debug|Any CPU.ActiveCfg = Debug|Any CPU
		{CE5B0B67-76F4-402C-B303-E788FC72A81A}.Debug|Any CPU.Build.0 = Debug|Any CPU
		{CE5B0B67-76F4-402C-B303-E788FC72A81A}.Debug|x64.ActiveCfg = Debug|Any CPU
		{CE5B0B67-76F4-402C-B303-E788FC72A81A}.Debug|x64.Build.0 = Debug|Any CPU
		{CE5B0B67-76F4-402C-B303-E788FC72A81A}.Debug|x86.ActiveCfg = Debug|Any CPU
		{CE5B0B67-76F4-402C-B303-E788FC72A81A}.Debug|x86.Build.0 = Debug|Any CPU
		{CE5B0B67-76F4-402C-B303-E788FC72A81A}.Release|Any CPU.ActiveCfg = Release|Any CPU
		{CE5B0B67-76F4-402C-B303-E788FC72A81A}.Release|Any CPU.Build.0 = Release|Any CPU
		{CE5B0B67-76F4-402C-B303-E788FC72A81A}.Release|x64.ActiveCfg = Release|Any CPU
		{CE5B0B67-76F4-402C-B303-E788FC72A81A}.Release|x64.Build.0 = Release|Any CPU
		{CE5B0B67-76F4-402C-B303-E788FC72A81A}.Release|x86.ActiveCfg = Release|Any CPU
		{CE5B0B67-76F4-402C-B303-E788FC72A81A}.Release|x86.Build.0 = Release|Any CPU
		{7EFD3176-CB65-4D91-BFD2-2DE967FD6E4A}.Debug|Any CPU.ActiveCfg = Debug|Any CPU
		{7EFD3176-CB65-4D91-BFD2-2DE967FD6E4A}.Debug|Any CPU.Build.0 = Debug|Any CPU
		{7EFD3176-CB65-4D91-BFD2-2DE967FD6E4A}.Debug|x64.ActiveCfg = Debug|Any CPU
		{7EFD3176-CB65-4D91-BFD2-2DE967FD6E4A}.Debug|x64.Build.0 = Debug|Any CPU
		{7EFD3176-CB65-4D91-BFD2-2DE967FD6E4A}.Debug|x86.ActiveCfg = Debug|Any CPU
		{7EFD3176-CB65-4D91-BFD2-2DE967FD6E4A}.Debug|x86.Build.0 = Debug|Any CPU
		{7EFD3176-CB65-4D91-BFD2-2DE967FD6E4A}.Release|Any CPU.ActiveCfg = Release|Any CPU
		{7EFD3176-CB65-4D91-BFD2-2DE967FD6E4A}.Release|Any CPU.Build.0 = Release|Any CPU
		{7EFD3176-CB65-4D91-BFD2-2DE967FD6E4A}.Release|x64.ActiveCfg = Release|Any CPU
		{7EFD3176-CB65-4D91-BFD2-2DE967FD6E4A}.Release|x64.Build.0 = Release|Any CPU
		{7EFD3176-CB65-4D91-BFD2-2DE967FD6E4A}.Release|x86.ActiveCfg = Release|Any CPU
		{7EFD3176-CB65-4D91-BFD2-2DE967FD6E4A}.Release|x86.Build.0 = Release|Any CPU
		{3607B04F-62B3-4176-AD16-4EDE639682AC}.Debug|Any CPU.ActiveCfg = Debug|Any CPU
		{3607B04F-62B3-4176-AD16-4EDE639682AC}.Debug|Any CPU.Build.0 = Debug|Any CPU
		{3607B04F-62B3-4176-AD16-4EDE639682AC}.Debug|x64.ActiveCfg = Debug|Any CPU
		{3607B04F-62B3-4176-AD16-4EDE639682AC}.Debug|x64.Build.0 = Debug|Any CPU
		{3607B04F-62B3-4176-AD16-4EDE639682AC}.Debug|x86.ActiveCfg = Debug|Any CPU
		{3607B04F-62B3-4176-AD16-4EDE639682AC}.Debug|x86.Build.0 = Debug|Any CPU
		{3607B04F-62B3-4176-AD16-4EDE639682AC}.Release|Any CPU.ActiveCfg = Release|Any CPU
		{3607B04F-62B3-4176-AD16-4EDE639682AC}.Release|Any CPU.Build.0 = Release|Any CPU
		{3607B04F-62B3-4176-AD16-4EDE639682AC}.Release|x64.ActiveCfg = Release|Any CPU
		{3607B04F-62B3-4176-AD16-4EDE639682AC}.Release|x64.Build.0 = Release|Any CPU
		{3607B04F-62B3-4176-AD16-4EDE639682AC}.Release|x86.ActiveCfg = Release|Any CPU
		{3607B04F-62B3-4176-AD16-4EDE639682AC}.Release|x86.Build.0 = Release|Any CPU
	EndGlobalSection
	GlobalSection(SolutionProperties) = preSolution
		HideSolutionNode = FALSE
	EndGlobalSection
	GlobalSection(NestedProjects) = preSolution
		{CE5B0B67-76F4-402C-B303-E788FC72A81A} = {DAD03CFC-D5FA-AC94-41C7-9ABAB326F09E}
		{7EFD3176-CB65-4D91-BFD2-2DE967FD6E4A} = {DAD03CFC-D5FA-AC94-41C7-9ABAB326F09E}
		{3607B04F-62B3-4176-AD16-4EDE639682AC} = {DAD03CFC-D5FA-AC94-41C7-9ABAB326F09E}
	EndGlobalSection
EndGlobal
